<?xml version="1.0" encoding="utf-8"?>
<Project ToolsVersion="4.0" xmlns="http://schemas.microsoft.com/developer/msbuild/2003">
  <ItemGroup>
    <Filter Include="소스 파일">
      <UniqueIdentifier>{4FC737F1-C7A5-4376-A066-2A32D752A2FF}</UniqueIdentifier>
      <Extensions>cpp;c;cc;cxx;def;odl;idl;hpj;bat;asm;asmx</Extensions>
    </Filter>
    <Filter Include="헤더 파일">
      <UniqueIdentifier>{93995380-89BD-4b04-88EB-625FBE52EBFB}</UniqueIdentifier>
      <Extensions>h;hh;hpp;hxx;hm;inl;inc;xsd</Extensions>
    </Filter>
    <Filter Include="리소스 파일">
      <UniqueIdentifier>{67DA6AB6-F800-4c08-8B7A-83BB121AAD01}</UniqueIdentifier>
      <Extensions>rc;ico;cur;bmp;dlg;rc2;rct;bin;rgs;gif;jpg;jpeg;jpe;resx;tiff;tif;png;wav;mfcribbon-ms</Extensions>
    </Filter>
  </ItemGroup>
  <ItemGroup>
    <ClCompile Include="AllSelectCommand.cpp">
      <Filter>소스 파일</Filter>
    </ClCompile>
    <ClCompile Include="BackspaceKeyAction.cpp">
      <Filter>소스 파일</Filter>
    </ClCompile>
    <ClCompile Include="Cancellation.cpp">
      <Filter>소스 파일</Filter>
    </ClCompile>
    <ClCompile Include="Caret.cpp">
      <Filter>소스 파일</Filter>
    </ClCompile>
    <ClCompile Include="CaretController.cpp">
      <Filter>소스 파일</Filter>
    </ClCompile>
    <ClCompile Include="CaretCoordinator.cpp">
      <Filter>소스 파일</Filter>
    </ClCompile>
    <ClCompile Include="CodeEditorForm.cpp">
      <Filter>소스 파일</Filter>
    </ClCompile>
    <ClCompile Include="CodeEditorFormApp.cpp">
      <Filter>소스 파일</Filter>
    </ClCompile>
    <ClCompile Include="CodeEditorFormFrame.cpp">
      <Filter>소스 파일</Filter>
    </ClCompile>
    <ClCompile Include="Command.cpp">
      <Filter>소스 파일</Filter>
    </ClCompile>
    <ClCompile Include="CommandFactory.cpp">
      <Filter>소스 파일</Filter>
    </ClCompile>
    <ClCompile Include="Composite.cpp">
      <Filter>소스 파일</Filter>
    </ClCompile>
    <ClCompile Include="ContentsEdit.cpp">
      <Filter>소스 파일</Filter>
    </ClCompile>
    <ClCompile Include="CopyCommand.cpp">
      <Filter>소스 파일</Filter>
    </ClCompile>
    <ClCompile Include="CorrectCommand.cpp">
      <Filter>소스 파일</Filter>
    </ClCompile>
    <ClCompile Include="CtrlAKeyAction.cpp">
      <Filter>소스 파일</Filter>
    </ClCompile>
    <ClCompile Include="CtrlCKeyAction.cpp">
      <Filter>소스 파일</Filter>
    </ClCompile>
    <ClCompile Include="CtrlEndKeyAction.cpp">
      <Filter>소스 파일</Filter>
    </ClCompile>
    <ClCompile Include="CtrlFKeyAction.cpp">
      <Filter>소스 파일</Filter>
    </ClCompile>
    <ClCompile Include="CtrlGKeyAction.cpp">
      <Filter>소스 파일</Filter>
    </ClCompile>
    <ClCompile Include="CtrlHKeyAction.cpp">
      <Filter>소스 파일</Filter>
    </ClCompile>
    <ClCompile Include="CtrlHomeKeyAction.cpp">
      <Filter>소스 파일</Filter>
    </ClCompile>
    <ClCompile Include="CtrlLeftKeyAction.cpp">
      <Filter>소스 파일</Filter>
    </ClCompile>
    <ClCompile Include="CtrlRightKeyAction.cpp">
      <Filter>소스 파일</Filter>
    </ClCompile>
    <ClCompile Include="CtrlSKeyAction.cpp">
      <Filter>소스 파일</Filter>
    </ClCompile>
    <ClCompile Include="CtrlVKeyAction.cpp">
      <Filter>소스 파일</Filter>
    </ClCompile>
    <ClCompile Include="CtrlXKeyAction.cpp">
      <Filter>소스 파일</Filter>
    </ClCompile>
    <ClCompile Include="CtrlYKeyAction.cpp">
      <Filter>소스 파일</Filter>
    </ClCompile>
    <ClCompile Include="CtrlZKeyAction.cpp">
      <Filter>소스 파일</Filter>
    </ClCompile>
    <ClCompile Include="CutCommand.cpp">
      <Filter>소스 파일</Filter>
    </ClCompile>
    <ClCompile Include="DeleteCommand.cpp">
      <Filter>소스 파일</Filter>
    </ClCompile>
    <ClCompile Include="DeleteKeyAction.cpp">
      <Filter>소스 파일</Filter>
    </ClCompile>
    <ClCompile Include="DoubleByteLetter.cpp">
      <Filter>소스 파일</Filter>
    </ClCompile>
    <ClCompile Include="DownKeyAction.cpp">
      <Filter>소스 파일</Filter>
    </ClCompile>
    <ClCompile Include="EndKeyAction.cpp">
      <Filter>소스 파일</Filter>
    </ClCompile>
    <ClCompile Include="EnterKeyAction.cpp">
      <Filter>소스 파일</Filter>
    </ClCompile>
    <ClCompile Include="F1KeyAction.cpp">
      <Filter>소스 파일</Filter>
    </ClCompile>
    <ClCompile Include="F3KeyAction.cpp">
      <Filter>소스 파일</Filter>
    </ClCompile>
    <ClCompile Include="F5KeyAction.cpp">
      <Filter>소스 파일</Filter>
    </ClCompile>
    <ClCompile Include="File.cpp">
      <Filter>소스 파일</Filter>
    </ClCompile>
    <ClCompile Include="Find.cpp">
      <Filter>소스 파일</Filter>
    </ClCompile>
    <ClCompile Include="FindCommand.cpp">
      <Filter>소스 파일</Filter>
    </ClCompile>
    <ClCompile Include="Font.cpp">
      <Filter>소스 파일</Filter>
    </ClCompile>
    <ClCompile Include="FontCommand.cpp">
      <Filter>소스 파일</Filter>
    </ClCompile>
    <ClCompile Include="FontMatrix.cpp">
      <Filter>소스 파일</Filter>
    </ClCompile>
    <ClCompile Include="Glyph.cpp">
      <Filter>소스 파일</Filter>
    </ClCompile>
    <ClCompile Include="GlyphFactory.cpp">
      <Filter>소스 파일</Filter>
    </ClCompile>
    <ClCompile Include="HelpCommand.cpp">
      <Filter>소스 파일</Filter>
    </ClCompile>
    <ClCompile Include="HomeKeyAction.cpp">
      <Filter>소스 파일</Filter>
    </ClCompile>
    <ClCompile Include="InforMation.cpp">
      <Filter>소스 파일</Filter>
    </ClCompile>
    <ClCompile Include="InformationCommand.cpp">
      <Filter>소스 파일</Filter>
    </ClCompile>
    <ClCompile Include="KeyAction.cpp">
      <Filter>소스 파일</Filter>
    </ClCompile>
    <ClCompile Include="KeyActionFactory.cpp">
      <Filter>소스 파일</Filter>
    </ClCompile>
    <ClCompile Include="LeftKeyAction.cpp">
      <Filter>소스 파일</Filter>
    </ClCompile>
    <ClCompile Include="Letter.cpp">
      <Filter>소스 파일</Filter>
    </ClCompile>
    <ClCompile Include="Line.cpp">
      <Filter>소스 파일</Filter>
    </ClCompile>
    <ClCompile Include="LineMove.cpp">
      <Filter>소스 파일</Filter>
    </ClCompile>
    <ClCompile Include="LoadCommad.cpp">
      <Filter>소스 파일</Filter>
    </ClCompile>
    <ClCompile Include="Memo.cpp">
      <Filter>소스 파일</Filter>
    </ClCompile>
    <ClCompile Include="Memory.cpp">
      <Filter>소스 파일</Filter>
    </ClCompile>
    <ClCompile Include="MemoryDC.cpp">
      <Filter>소스 파일</Filter>
    </ClCompile>
    <ClCompile Include="MemoryDelete.cpp">
      <Filter>소스 파일</Filter>
    </ClCompile>
    <ClCompile Include="MemoryInsert.cpp">
      <Filter>소스 파일</Filter>
    </ClCompile>
    <ClCompile Include="MenuUpdate.cpp">
      <Filter>소스 파일</Filter>
    </ClCompile>
    <ClCompile Include="MouseAction.cpp">
      <Filter>소스 파일</Filter>
    </ClCompile>
    <ClCompile Include="MoveCommand.cpp">
      <Filter>소스 파일</Filter>
    </ClCompile>
    <ClCompile Include="NextFindCommand.cpp">
      <Filter>소스 파일</Filter>
    </ClCompile>
    <ClCompile Include="Observer.cpp">
      <Filter>소스 파일</Filter>
    </ClCompile>
    <ClCompile Include="OnHScrollLeftAction.cpp">
      <Filter>소스 파일</Filter>
    </ClCompile>
    <ClCompile Include="OnHScrollLineLeftAction.cpp">
      <Filter>소스 파일</Filter>
    </ClCompile>
    <ClCompile Include="OnHScrollLineRightAction.cpp">
      <Filter>소스 파일</Filter>
    </ClCompile>
    <ClCompile Include="OnHScrollPageLeftAction.cpp">
      <Filter>소스 파일</Filter>
    </ClCompile>
    <ClCompile Include="OnHScrollPageRightAction.cpp">
      <Filter>소스 파일</Filter>
    </ClCompile>
    <ClCompile Include="OnHScrollRightAction.cpp">
      <Filter>소스 파일</Filter>
    </ClCompile>
    <ClCompile Include="OnHScrollThumbTrackAction.cpp">
      <Filter>소스 파일</Filter>
    </ClCompile>
    <ClCompile Include="OnVScrollBottomAction.cpp">
      <Filter>소스 파일</Filter>
    </ClCompile>
    <ClCompile Include="OnVScrollLineDownAction.cpp">
      <Filter>소스 파일</Filter>
    </ClCompile>
    <ClCompile Include="OnVScrollLineUpAction.cpp">
      <Filter>소스 파일</Filter>
    </ClCompile>
    <ClCompile Include="OnVScrollPageDownAction.cpp">
      <Filter>소스 파일</Filter>
    </ClCompile>
    <ClCompile Include="OnVScrollPageUpAction.cpp">
      <Filter>소스 파일</Filter>
    </ClCompile>
    <ClCompile Include="OnVScrollThumbTrackAction.cpp">
      <Filter>소스 파일</Filter>
    </ClCompile>
    <ClCompile Include="OnVScrollTopAction.cpp">
      <Filter>소스 파일</Filter>
    </ClCompile>
    <ClCompile Include="PageDownKeyAction.cpp">
      <Filter>소스 파일</Filter>
    </ClCompile>
    <ClCompile Include="PageUpKeyAction.cpp">
      <Filter>소스 파일</Filter>
    </ClCompile>
    <ClCompile Include="PasteCommand.cpp">
      <Filter>소스 파일</Filter>
    </ClCompile>
    <ClCompile Include="RedoCommand.cpp">
      <Filter>소스 파일</Filter>
    </ClCompile>
    <ClCompile Include="RightkeyAction.cpp">
      <Filter>소스 파일</Filter>
    </ClCompile>
    <ClCompile Include="SaveAsCommand.cpp">
      <Filter>소스 파일</Filter>
    </ClCompile>
    <ClCompile Include="SaveCommand.cpp">
      <Filter>소스 파일</Filter>
    </ClCompile>
    <ClCompile Include="Scroll.cpp">
      <Filter>소스 파일</Filter>
    </ClCompile>
    <ClCompile Include="ScrollAction.cpp">
      <Filter>소스 파일</Filter>
    </ClCompile>
    <ClCompile Include="ScrollActionFactory.cpp">
      <Filter>소스 파일</Filter>
    </ClCompile>
    <ClCompile Include="Select.cpp">
      <Filter>소스 파일</Filter>
    </ClCompile>
    <ClCompile Include="SingleByteLetter.cpp">
      <Filter>소스 파일</Filter>
    </ClCompile>
    <ClCompile Include="Status.cpp">
      <Filter>소스 파일</Filter>
    </ClCompile>
    <ClCompile Include="StatusCommand.cpp">
      <Filter>소스 파일</Filter>
    </ClCompile>
    <ClCompile Include="Subject.cpp">
      <Filter>소스 파일</Filter>
    </ClCompile>
    <ClCompile Include="TextAssort.cpp">
      <Filter>소스 파일</Filter>
    </ClCompile>
    <ClCompile Include="TextCoordinator.cpp">
      <Filter>소스 파일</Filter>
    </ClCompile>
    <ClCompile Include="TextEdit.cpp">
      <Filter>소스 파일</Filter>
    </ClCompile>
    <ClCompile Include="TextIndent.cpp">
      <Filter>소스 파일</Filter>
    </ClCompile>
    <ClCompile Include="TimeOfDayCommand.cpp">
      <Filter>소스 파일</Filter>
    </ClCompile>
    <ClCompile Include="UndoCommand.cpp">
      <Filter>소스 파일</Filter>
    </ClCompile>
    <ClCompile Include="UpKeyAction.cpp">
      <Filter>소스 파일</Filter>
    </ClCompile>
    <ClCompile Include="WriteState.cpp">
      <Filter>소스 파일</Filter>
    </ClCompile>
    <ClCompile Include="WriteStateAppend.cpp">
      <Filter>소스 파일</Filter>
    </ClCompile>
    <ClCompile Include="WriteStateInsert.cpp">
      <Filter>소스 파일</Filter>
    </ClCompile>
  </ItemGroup>
  <ItemGroup>
    <ClInclude Include="AllSelectCommand.h">
      <Filter>헤더 파일</Filter>
    </ClInclude>
    <ClInclude Include="Array.h">
      <Filter>헤더 파일</Filter>
    </ClInclude>
    <ClInclude Include="ArrayIterator.h">
      <Filter>헤더 파일</Filter>
    </ClInclude>
    <ClInclude Include="BackspaceKeyAction.h">
      <Filter>헤더 파일</Filter>
    </ClInclude>
    <ClInclude Include="Cancellation.h">
      <Filter>헤더 파일</Filter>
    </ClInclude>
    <ClInclude Include="Caret.h">
      <Filter>헤더 파일</Filter>
    </ClInclude>
    <ClInclude Include="CaretController.h">
      <Filter>헤더 파일</Filter>
    </ClInclude>
    <ClInclude Include="CaretCoordinator.h">
      <Filter>헤더 파일</Filter>
    </ClInclude>
    <ClInclude Include="CodeEditorForm.h">
      <Filter>헤더 파일</Filter>
    </ClInclude>
    <ClInclude Include="CodeEditorFormApp.h">
      <Filter>헤더 파일</Filter>
    </ClInclude>
    <ClInclude Include="CodeEditorFormFrame.h">
      <Filter>헤더 파일</Filter>
    </ClInclude>
    <ClInclude Include="Command.h">
      <Filter>헤더 파일</Filter>
    </ClInclude>
    <ClInclude Include="CommandFactory.h">
      <Filter>헤더 파일</Filter>
    </ClInclude>
    <ClInclude Include="Composite.h">
      <Filter>헤더 파일</Filter>
    </ClInclude>
    <ClInclude Include="ContentsEdit.h">
      <Filter>헤더 파일</Filter>
    </ClInclude>
    <ClInclude Include="CopyCommand.h">
      <Filter>헤더 파일</Filter>
    </ClInclude>
    <ClInclude Include="CorrectCommand.h">
      <Filter>헤더 파일</Filter>
    </ClInclude>
    <ClInclude Include="CtrlAKeyAction.h">
      <Filter>헤더 파일</Filter>
    </ClInclude>
    <ClInclude Include="CtrlCKeyAction.h">
      <Filter>헤더 파일</Filter>
    </ClInclude>
    <ClInclude Include="CtrlEndKeyAction.h">
      <Filter>헤더 파일</Filter>
    </ClInclude>
    <ClInclude Include="CtrlFKeyAction.h">
      <Filter>헤더 파일</Filter>
    </ClInclude>
    <ClInclude Include="CtrlGKeyAction.h">
      <Filter>헤더 파일</Filter>
    </ClInclude>
    <ClInclude Include="CtrlHKeyAction.h">
      <Filter>헤더 파일</Filter>
    </ClInclude>
    <ClInclude Include="CtrlHomeKeyAction.h">
      <Filter>헤더 파일</Filter>
    </ClInclude>
    <ClInclude Include="CtrlLeftKeyAction.h">
      <Filter>헤더 파일</Filter>
    </ClInclude>
    <ClInclude Include="CtrlRightKeyAction.h">
      <Filter>헤더 파일</Filter>
    </ClInclude>
    <ClInclude Include="CtrlSKeyAction.h">
      <Filter>헤더 파일</Filter>
    </ClInclude>
    <ClInclude Include="CtrlVKeyAction.h">
      <Filter>헤더 파일</Filter>
    </ClInclude>
    <ClInclude Include="CtrlXKeyAction.h">
      <Filter>헤더 파일</Filter>
    </ClInclude>
    <ClInclude Include="CtrlYKeyAction.h">
      <Filter>헤더 파일</Filter>
    </ClInclude>
    <ClInclude Include="CtrlZKeyAction.h">
      <Filter>헤더 파일</Filter>
    </ClInclude>
    <ClInclude Include="CutCommand.h">
      <Filter>헤더 파일</Filter>
    </ClInclude>
    <ClInclude Include="DeleteCommand.h">
      <Filter>헤더 파일</Filter>
    </ClInclude>
    <ClInclude Include="DeleteKeyAction.h">
      <Filter>헤더 파일</Filter>
    </ClInclude>
    <ClInclude Include="DoubleByteLetter.h">
      <Filter>헤더 파일</Filter>
    </ClInclude>
    <ClInclude Include="DownKeyAction.h">
      <Filter>헤더 파일</Filter>
    </ClInclude>
    <ClInclude Include="EndKeyAction.h">
      <Filter>헤더 파일</Filter>
    </ClInclude>
    <ClInclude Include="EnterKeyAction.h">
      <Filter>헤더 파일</Filter>
    </ClInclude>
    <ClInclude Include="F1KeyAction.h">
      <Filter>헤더 파일</Filter>
    </ClInclude>
    <ClInclude Include="F3KeyAction.h">
      <Filter>헤더 파일</Filter>
    </ClInclude>
    <ClInclude Include="F5KeyAction.h">
      <Filter>헤더 파일</Filter>
    </ClInclude>
    <ClInclude Include="File.h">
      <Filter>헤더 파일</Filter>
    </ClInclude>
    <ClInclude Include="Find.h">
      <Filter>헤더 파일</Filter>
    </ClInclude>
    <ClInclude Include="FindCommand.h">
      <Filter>헤더 파일</Filter>
    </ClInclude>
    <ClInclude Include="Font.h">
      <Filter>헤더 파일</Filter>
    </ClInclude>
    <ClInclude Include="FontCommand.h">
      <Filter>헤더 파일</Filter>
    </ClInclude>
    <ClInclude Include="FontMatrix.h">
      <Filter>헤더 파일</Filter>
    </ClInclude>
    <ClInclude Include="Glyph.h">
      <Filter>헤더 파일</Filter>
    </ClInclude>
    <ClInclude Include="GlyphFactory.h">
      <Filter>헤더 파일</Filter>
    </ClInclude>
    <ClInclude Include="HelpCommand.h">
      <Filter>헤더 파일</Filter>
    </ClInclude>
    <ClInclude Include="HomeKeyAction.h">
      <Filter>헤더 파일</Filter>
    </ClInclude>
    <ClInclude Include="InforMation.h">
      <Filter>헤더 파일</Filter>
    </ClInclude>
    <ClInclude Include="InformationCommand.h">
      <Filter>헤더 파일</Filter>
    </ClInclude>
    <ClInclude Include="Iterator.h">
      <Filter>헤더 파일</Filter>
    </ClInclude>
    <ClInclude Include="KeyAction.h">
      <Filter>헤더 파일</Filter>
    </ClInclude>
    <ClInclude Include="KeyActionFactory.h">
      <Filter>헤더 파일</Filter>
    </ClInclude>
    <ClInclude Include="LeftKeyAction.h">
      <Filter>헤더 파일</Filter>
    </ClInclude>
    <ClInclude Include="Letter.h">
      <Filter>헤더 파일</Filter>
    </ClInclude>
    <ClInclude Include="Line.h">
      <Filter>헤더 파일</Filter>
    </ClInclude>
    <ClInclude Include="LineMove.h">
      <Filter>헤더 파일</Filter>
    </ClInclude>
    <ClInclude Include="LoadCommad.h">
      <Filter>헤더 파일</Filter>
    </ClInclude>
    <ClInclude Include="Memo.h">
      <Filter>헤더 파일</Filter>
    </ClInclude>
    <ClInclude Include="Memory.h">
      <Filter>헤더 파일</Filter>
    </ClInclude>
    <ClInclude Include="MemoryDC.h">
      <Filter>헤더 파일</Filter>
    </ClInclude>
    <ClInclude Include="MemoryDelete.h">
      <Filter>헤더 파일</Filter>
    </ClInclude>
    <ClInclude Include="MemoryInsert.h">
      <Filter>헤더 파일</Filter>
    </ClInclude>
    <ClInclude Include="MenuUpdate.h">
      <Filter>헤더 파일</Filter>
    </ClInclude>
    <ClInclude Include="MouseAction.h">
      <Filter>헤더 파일</Filter>
    </ClInclude>
    <ClInclude Include="MoveCommand.h">
      <Filter>헤더 파일</Filter>
    </ClInclude>
    <ClInclude Include="NextFindCommand.h">
      <Filter>헤더 파일</Filter>
    </ClInclude>
    <ClInclude Include="Observer.h">
      <Filter>헤더 파일</Filter>
    </ClInclude>
    <ClInclude Include="OnHScrollLeftAction.h">
      <Filter>헤더 파일</Filter>
    </ClInclude>
    <ClInclude Include="OnHScrollLineLeftAction.h">
      <Filter>헤더 파일</Filter>
    </ClInclude>
    <ClInclude Include="OnHScrollLineRightAction.h">
      <Filter>헤더 파일</Filter>
    </ClInclude>
    <ClInclude Include="OnHScrollPageLeftAction.h">
      <Filter>헤더 파일</Filter>
    </ClInclude>
    <ClInclude Include="OnHScrollPageRightAction.h">
      <Filter>헤더 파일</Filter>
    </ClInclude>
    <ClInclude Include="OnHScrollRightAction.h">
      <Filter>헤더 파일</Filter>
    </ClInclude>
    <ClInclude Include="OnHScrollThumbTrackAction.h">
      <Filter>헤더 파일</Filter>
    </ClInclude>
    <ClInclude Include="OnVScrollBottomAction.h">
      <Filter>헤더 파일</Filter>
    </ClInclude>
    <ClInclude Include="OnVScrollLineDownAction.h">
      <Filter>헤더 파일</Filter>
    </ClInclude>
    <ClInclude Include="OnVScrollLineUpAction.h">
      <Filter>헤더 파일</Filter>
    </ClInclude>
    <ClInclude Include="OnVScrollPageDownAction.h">
      <Filter>헤더 파일</Filter>
    </ClInclude>
    <ClInclude Include="OnVScrollPageUpAction.h">
      <Filter>헤더 파일</Filter>
    </ClInclude>
    <ClInclude Include="OnVScrollThumbTrackAction.h">
      <Filter>헤더 파일</Filter>
    </ClInclude>
    <ClInclude Include="OnVScrollTopAction.h">
      <Filter>헤더 파일</Filter>
    </ClInclude>
    <ClInclude Include="PageDownKeyAction.h">
      <Filter>헤더 파일</Filter>
    </ClInclude>
    <ClInclude Include="PageUpKeyAction.h">
      <Filter>헤더 파일</Filter>
    </ClInclude>
    <ClInclude Include="PasteCommand.h">
      <Filter>헤더 파일</Filter>
    </ClInclude>
    <ClInclude Include="RedoCommand.h">
      <Filter>헤더 파일</Filter>
    </ClInclude>
    <ClInclude Include="resource.h">
      <Filter>헤더 파일</Filter>
    </ClInclude>
    <ClInclude Include="RightKeyAction.h">
      <Filter>헤더 파일</Filter>
    </ClInclude>
    <ClInclude Include="SaveAsCommand.h">
      <Filter>헤더 파일</Filter>
    </ClInclude>
    <ClInclude Include="SaveCommand.h">
      <Filter>헤더 파일</Filter>
    </ClInclude>
    <ClInclude Include="Scroll.h">
      <Filter>헤더 파일</Filter>
    </ClInclude>
    <ClInclude Include="ScrollAction.h">
      <Filter>헤더 파일</Filter>
    </ClInclude>
    <ClInclude Include="ScrollActionFactory.h">
      <Filter>헤더 파일</Filter>
    </ClInclude>
    <ClInclude Include="Select.h">
      <Filter>헤더 파일</Filter>
    </ClInclude>
    <ClInclude Include="SingleByteLetter.h">
      <Filter>헤더 파일</Filter>
    </ClInclude>
    <ClInclude Include="Status.h">
      <Filter>헤더 파일</Filter>
    </ClInclude>
    <ClInclude Include="StatusCommand.h">
      <Filter>헤더 파일</Filter>
    </ClInclude>
    <ClInclude Include="Subject.h">
      <Filter>헤더 파일</Filter>
    </ClInclude>
    <ClInclude Include="TextAssort.h">
      <Filter>헤더 파일</Filter>
    </ClInclude>
    <ClInclude Include="TextCoordinator.h">
      <Filter>헤더 파일</Filter>
    </ClInclude>
    <ClInclude Include="TextEdit.h">
      <Filter>헤더 파일</Filter>
    </ClInclude>
    <ClInclude Include="TextIndent.h">
      <Filter>헤더 파일</Filter>
    </ClInclude>
    <ClInclude Include="TimeOfDayCommand.h">
      <Filter>헤더 파일</Filter>
    </ClInclude>
    <ClInclude Include="UndoCommand.h">
      <Filter>헤더 파일</Filter>
    </ClInclude>
    <ClInclude Include="UpKeyAction.h">
      <Filter>헤더 파일</Filter>
    </ClInclude>
    <ClInclude Include="WriteState.h">
      <Filter>헤더 파일</Filter>
    </ClInclude>
    <ClInclude Include="WriteStateAppend.h">
      <Filter>헤더 파일</Filter>
    </ClInclude>
    <ClInclude Include="WriteStateInsert.h">
      <Filter>헤더 파일</Filter>
    </ClInclude>
  </ItemGroup>
  <ItemGroup>
    <None Include="CodeEditor.chm" />
    <None Include="CodeEditor.chw" />
    <None Include="CodeEditorForm20190401.aps" />
  </ItemGroup>
  <ItemGroup>
    <ResourceCompile Include="CodeEditorForm20190401.rc">
      <Filter>리소스 파일</Filter>
    </ResourceCompile>
  </ItemGroup>
</Project>